
Microsoft Visual Studio Solution File, Format Version 12.00
# Visual Studio 15
VisualStudioVersion = 15.0.27130.2027
MinimumVisualStudioVersion = 10.0.40219.1
Project("{8BC9CEB8-8B4A-11D0-8D11-00A0C91BC942}") = "Project9", "Project9\Project9.vcxproj", "{D30F5A7D-9877-470A-925F-EE2901231B54}"
EndProject
Global
	GlobalSection(SolutionConfigurationPlatforms) = preSolution
		Debug|x64 = Debug|x64
		Debug|x86 = Debug|x86
		Release|x64 = Release|x64
		Release|x86 = Release|x86
	EndGlobalSection
	GlobalSection(ProjectConfigurationPlatforms) = postSolution
		{D30F5A7D-9877-470A-925F-EE2901231B54}.Debug|x64.ActiveCfg = Debug|x64
		{D30F5A7D-9877-470A-925F-EE2901231B54}.Debug|x64.Build.0 = Debug|x64
		{D30F5A7D-9877-470A-925F-EE2901231B54}.Debug|x86.ActiveCfg = Debug|Win32
		{D30F5A7D-9877-470A-925F-EE2901231B54}.Debug|x86.Build.0 = Debug|Win32
		{D30F5A7D-9877-470A-925F-EE2901231B54}.Release|x64.ActiveCfg = Release|x64
		{D30F5A7D-9877-470A-925F-EE2901231B54}.Release|x64.Build.0 = Release|x64
		{D30F5A7D-9877-470A-925F-EE2901231B54}.Release|x86.ActiveCfg = Release|Win32
		{D30F5A7D-9877-470A-925F-EE2901231B54}.Release|x86.Build.0 = Release|Win32
	EndGlobalSection
	GlobalSection(SolutionProperties) = preSolution
		HideSolutionNode = FALSE
	EndGlobalSection
	GlobalSection(ExtensibilityGlobals) = postSolution
		SolutionGuid = {1FC71D17-CD3B-4898-A8B7-8A8FEE2260FD}
	EndGlobalSection
EndGlobal
